
Microsoft Visual Studio Solution File, Format Version 12.00
# Visual Studio Version 16
VisualStudioVersion = 16.0.31624.102
MinimumVisualStudioVersion = 10.0.40219.1
Project("{FAE04EC0-301F-11D3-BF4B-00C04F79EFBC}") = "guitar shop", "guitar shop.csproj", "{0E67346D-3F61-4E35-B619-29B66D0F1BBC}"
EndProject
Global
	GlobalSection(SolutionConfigurationPlatforms) = preSolution
		Debug|Any CPU = Debug|Any CPU
		Release|Any CPU = Release|Any CPU
	EndGlobalSection
	GlobalSection(ProjectConfigurationPlatforms) = postSolution
		{0E67346D-3F61-4E35-B619-29B66D0F1BBC}.Debug|Any CPU.ActiveCfg = Debug|Any CPU
		{0E67346D-3F61-4E35-B619-29B66D0F1BBC}.Debug|Any CPU.Build.0 = Debug|Any CPU
		{0E67346D-3F61-4E35-B619-29B66D0F1BBC}.Release|Any CPU.ActiveCfg = Release|Any CPU
		{0E67346D-3F61-4E35-B619-29B66D0F1BBC}.Release|Any CPU.Build.0 = Release|Any CPU
	EndGlobalSection
	GlobalSection(SolutionProperties) = preSolution
		HideSolutionNode = FALSE
	EndGlobalSection
	GlobalSection(ExtensibilityGlobals) = postSolution
		SolutionGuid = {FD32F0DD-5F30-4751-BCA9-985201ED77FB}
	EndGlobalSection
EndGlobal
